lockfileVersion: '9.0'

settings:
  autoInstallPeers: true
  excludeLinksFromLockfile: false

importers:

  .:
    dependencies:
      gnim:
        specifier: latest
        version: 1.9.0
      gnim-schemas:
        specifier: latest
        version: 0.3.0
      ~dbus:
        specifier: link:src/dbus
        version: link:src/dbus
      ~schemas:
        specifier: link:src/schemas
        version: link:src/schemas
    devDependencies:
      '@girs/adw-1':
        specifier: latest
        version: 1.9.0-4.0.0-beta.38
      '@girs/gjs':
        specifier: latest
        version: 4.0.0-beta.38
      '@girs/gnome-shell':
        specifier: latest
        version: 49.1.0
      esbuild:
        specifier: latest
        version: 0.27.1
      nushell:
        specifier: latest
        version: 0.109.1

  src/dbus: {}

  src/extension: {}

  src/prefs: {}

  src/schemas: {}

packages:

  '@esbuild/aix-ppc64@0.27.1':
    resolution: {integrity: sha512-HHB50pdsBX6k47S4u5g/CaLjqS3qwaOVE5ILsq64jyzgMhLuCuZ8rGzM9yhsAjfjkbgUPMzZEPa7DAp7yz6vuA==}
    engines: {node: '>=18'}
    cpu: [ppc64]
    os: [aix]

  '@esbuild/android-arm64@0.27.1':
    resolution: {integrity: sha512-45fuKmAJpxnQWixOGCrS+ro4Uvb4Re9+UTieUY2f8AEc+t7d4AaZ6eUJ3Hva7dtrxAAWHtlEFsXFMAgNnGU9uQ==}
    engines: {node: '>=18'}
    cpu: [arm64]
    os: [android]

  '@esbuild/android-arm@0.27.1':
    resolution: {integrity: sha512-kFqa6/UcaTbGm/NncN9kzVOODjhZW8e+FRdSeypWe6j33gzclHtwlANs26JrupOntlcWmB0u8+8HZo8s7thHvg==}
    engines: {node: '>=18'}
    cpu: [arm]
    os: [android]

  '@esbuild/android-x64@0.27.1':
    resolution: {integrity: sha512-LBEpOz0BsgMEeHgenf5aqmn/lLNTFXVfoWMUox8CtWWYK9X4jmQzWjoGoNb8lmAYml/tQ/Ysvm8q7szu7BoxRQ==}
    engines: {node: '>=18'}
    cpu: [x64]
    os: [android]

  '@esbuild/darwin-arm64@0.27.1':
    resolution: {integrity: sha512-veg7fL8eMSCVKL7IW4pxb54QERtedFDfY/ASrumK/SbFsXnRazxY4YykN/THYqFnFwJ0aVjiUrVG2PwcdAEqQQ==}
    engines: {node: '>=18'}
    cpu: [arm64]
    os: [darwin]

  '@esbuild/darwin-x64@0.27.1':
    resolution: {integrity: sha512-+3ELd+nTzhfWb07Vol7EZ+5PTbJ/u74nC6iv4/lwIU99Ip5uuY6QoIf0Hn4m2HoV0qcnRivN3KSqc+FyCHjoVQ==}
    engines: {node: '>=18'}
    cpu: [x64]
    os: [darwin]

  '@esbuild/freebsd-arm64@0.27.1':
    resolution: {integrity: sha512-/8Rfgns4XD9XOSXlzUDepG8PX+AVWHliYlUkFI3K3GB6tqbdjYqdhcb4BKRd7C0BhZSoaCxhv8kTcBrcZWP+xg==}
    engines: {node: '>=18'}
    cpu: [arm64]
    os: [freebsd]

  '@esbuild/freebsd-x64@0.27.1':
    resolution: {integrity: sha512-GITpD8dK9C+r+5yRT/UKVT36h/DQLOHdwGVwwoHidlnA168oD3uxA878XloXebK4Ul3gDBBIvEdL7go9gCUFzQ==}
    engines: {node: '>=18'}
    cpu: [x64]
    os: [freebsd]

  '@esbuild/linux-arm64@0.27.1':
    resolution: {integrity: sha512-W9//kCrh/6in9rWIBdKaMtuTTzNj6jSeG/haWBADqLLa9P8O5YSRDzgD5y9QBok4AYlzS6ARHifAb75V6G670Q==}
    engines: {node: '>=18'}
    cpu: [arm64]
    os: [linux]

  '@esbuild/linux-arm@0.27.1':
    resolution: {integrity: sha512-ieMID0JRZY/ZeCrsFQ3Y3NlHNCqIhTprJfDgSB3/lv5jJZ8FX3hqPyXWhe+gvS5ARMBJ242PM+VNz/ctNj//eA==}
    engines: {node: '>=18'}
    cpu: [arm]
    os: [linux]

  '@esbuild/linux-ia32@0.27.1':
    resolution: {integrity: sha512-VIUV4z8GD8rtSVMfAj1aXFahsi/+tcoXXNYmXgzISL+KB381vbSTNdeZHHHIYqFyXcoEhu9n5cT+05tRv13rlw==}
    engines: {node: '>=18'}
    cpu: [ia32]
    os: [linux]

  '@esbuild/linux-loong64@0.27.1':
    resolution: {integrity: sha512-l4rfiiJRN7sTNI//ff65zJ9z8U+k6zcCg0LALU5iEWzY+a1mVZ8iWC1k5EsNKThZ7XCQ6YWtsZ8EWYm7r1UEsg==}
    engines: {node: '>=18'}
    cpu: [loong64]
    os: [linux]

  '@esbuild/linux-mips64el@0.27.1':
    resolution: {integrity: sha512-U0bEuAOLvO/DWFdygTHWY8C067FXz+UbzKgxYhXC0fDieFa0kDIra1FAhsAARRJbvEyso8aAqvPdNxzWuStBnA==}
    engines: {node: '>=18'}
    cpu: [mips64el]
    os: [linux]

  '@esbuild/linux-ppc64@0.27.1':
    resolution: {integrity: sha512-NzdQ/Xwu6vPSf/GkdmRNsOfIeSGnh7muundsWItmBsVpMoNPVpM61qNzAVY3pZ1glzzAxLR40UyYM23eaDDbYQ==}
    engines: {node: '>=18'}
    cpu: [ppc64]
    os: [linux]

  '@esbuild/linux-riscv64@0.27.1':
    resolution: {integrity: sha512-7zlw8p3IApcsN7mFw0O1Z1PyEk6PlKMu18roImfl3iQHTnr/yAfYv6s4hXPidbDoI2Q0pW+5xeoM4eTCC0UdrQ==}
    engines: {node: '>=18'}
    cpu: [riscv64]
    os: [linux]

  '@esbuild/linux-s390x@0.27.1':
    resolution: {integrity: sha512-cGj5wli+G+nkVQdZo3+7FDKC25Uh4ZVwOAK6A06Hsvgr8WqBBuOy/1s+PUEd/6Je+vjfm6stX0kmib5b/O2Ykw==}
    engines: {node: '>=18'}
    cpu: [s390x]
    os: [linux]

  '@esbuild/linux-x64@0.27.1':
    resolution: {integrity: sha512-z3H/HYI9MM0HTv3hQZ81f+AKb+yEoCRlUby1F80vbQ5XdzEMyY/9iNlAmhqiBKw4MJXwfgsh7ERGEOhrM1niMA==}
    engines: {node: '>=18'}
    cpu: [x64]
    os: [linux]

  '@esbuild/netbsd-arm64@0.27.1':
    resolution: {integrity: sha512-wzC24DxAvk8Em01YmVXyjl96Mr+ecTPyOuADAvjGg+fyBpGmxmcr2E5ttf7Im8D0sXZihpxzO1isus8MdjMCXQ==}
    engines: {node: '>=18'}
    cpu: [arm64]
    os: [netbsd]

  '@esbuild/netbsd-x64@0.27.1':
    resolution: {integrity: sha512-1YQ8ybGi2yIXswu6eNzJsrYIGFpnlzEWRl6iR5gMgmsrR0FcNoV1m9k9sc3PuP5rUBLshOZylc9nqSgymI+TYg==}
    engines: {node: '>=18'}
    cpu: [x64]
    os: [netbsd]

  '@esbuild/openbsd-arm64@0.27.1':
    resolution: {integrity: sha512-5Z+DzLCrq5wmU7RDaMDe2DVXMRm2tTDvX2KU14JJVBN2CT/qov7XVix85QoJqHltpvAOZUAc3ndU56HSMWrv8g==}
    engines: {node: '>=18'}
    cpu: [arm64]
    os: [openbsd]

  '@esbuild/openbsd-x64@0.27.1':
    resolution: {integrity: sha512-Q73ENzIdPF5jap4wqLtsfh8YbYSZ8Q0wnxplOlZUOyZy7B4ZKW8DXGWgTCZmF8VWD7Tciwv5F4NsRf6vYlZtqg==}
    engines: {node: '>=18'}
    cpu: [x64]
    os: [openbsd]

  '@esbuild/openharmony-arm64@0.27.1':
    resolution: {integrity: sha512-ajbHrGM/XiK+sXM0JzEbJAen+0E+JMQZ2l4RR4VFwvV9JEERx+oxtgkpoKv1SevhjavK2z2ReHk32pjzktWbGg==}
    engines: {node: '>=18'}
    cpu: [arm64]
    os: [openharmony]

  '@esbuild/sunos-x64@0.27.1':
    resolution: {integrity: sha512-IPUW+y4VIjuDVn+OMzHc5FV4GubIwPnsz6ubkvN8cuhEqH81NovB53IUlrlBkPMEPxvNnf79MGBoz8rZ2iW8HA==}
    engines: {node: '>=18'}
    cpu: [x64]
    os: [sunos]

  '@esbuild/win32-arm64@0.27.1':
    resolution: {integrity: sha512-RIVRWiljWA6CdVu8zkWcRmGP7iRRIIwvhDKem8UMBjPql2TXM5PkDVvvrzMtj1V+WFPB4K7zkIGM7VzRtFkjdg==}
    engines: {node: '>=18'}
    cpu: [arm64]
    os: [win32]

  '@esbuild/win32-ia32@0.27.1':
    resolution: {integrity: sha512-2BR5M8CPbptC1AK5JbJT1fWrHLvejwZidKx3UMSF0ecHMa+smhi16drIrCEggkgviBwLYd5nwrFLSl5Kho96RQ==}
    engines: {node: '>=18'}
    cpu: [ia32]
    os: [win32]

  '@esbuild/win32-x64@0.27.1':
    resolution: {integrity: sha512-d5X6RMYv6taIymSk8JBP+nxv8DQAMY6A51GPgusqLdK9wBz5wWIXy1KjTck6HnjE9hqJzJRdk+1p/t5soSbCtw==}
    engines: {node: '>=18'}
    cpu: [x64]
    os: [win32]

  '@girs/accountsservice-1.0@1.0.0-4.0.0-beta.38':
    resolution: {integrity: sha512-6QzytM5dztmMynF2bxN73EuNK9ArMFxkP2L8wUC7IH45zBeBOfYcqL85BFh2PmkGmqRk+Rli5EFR8dAkx3Ig5Q==}

  '@girs/adw-1@1.9.0-4.0.0-beta.38':
    resolution: {integrity: sha512-d9tPlKWLpI3gEz72s1G3tX57nNCQjLopOy6I3CNucOmqlF2PFC4f+Ubq8BOMrVFqbTOl/HkAu7vfGuRP+FjHNQ==}

  '@girs/atk-1.0@2.58.0-4.0.0-beta.38':
    resolution: {integrity: sha512-rfLlLlAecHE1uAqK81DHZT27E1nVwN/pAHtgbgDUcu70UdHoCYAsQymLjk/tuDcTX0Lwp6U9x6w+GHG1sbYlQA==}

  '@girs/cairo-1.0@1.0.0-4.0.0-beta.38':
    resolution: {integrity: sha512-VJa0vw9teZjCydDzWIcbNBwT37MSej52rqwBuQ/ir7+72+7dpzeudkNOOif1nDIulGu+RLAy4cgWbguQhsUH/Q==}

  '@girs/clutter-17@17.0.0-4.0.0-beta.38':
    resolution: {integrity: sha512-RMEuc08wCaqIc3UcGdJr183kcN7VD0Q2v5WLczK9/Hn2gfo7xcc+BWjPcsSu4SuBpJPwF248jc+2IBbdXBGbCA==}

  '@girs/cogl-17@17.0.0-4.0.0-beta.38':
    resolution: {integrity: sha512-fj4lZ07ZfcOwXAE/orU6cfP3Tlf1LUhfEgVFE3CAQs6nfSOtWzPYDzcaWmg4fYd6CA7iP1NmXh3slCxhzcbuJg==}

  '@girs/cogl-2.0@2.0.0-4.0.0-beta.38':
    resolution: {integrity: sha512-CgCDd2htvMjLXkUaDrfpFhpw7XVBs9eEQpNVXhU6A8NXxN/FetLt7y9sPiwSWtlL3WYxLqO3Zn0hKR5j7CRAVA==}

  '@girs/freetype2-2.0@2.0.0-4.0.0-beta.38':
    resolution: {integrity: sha512-543dlQheKHSVWIatqHNBiLceIWYzIJDXvofR3PfgarKMMi0IRkn1TndzxUxsLC4Eu24KgOKGZYjU1YPUMVGbgg==}

  '@girs/gck-2@4.4.0-4.0.0-beta.38':
    resolution: {integrity: sha512-yy8TDv4G4SsM1U7sfKf07A01YxD5DpUN4eHEQodj6NzgXogdaeS/vmM7clChedlw0LkOebn68JVIfTja3rJLJw==}

  '@girs/gcr-4@4.4.0-4.0.0-beta.38':
    resolution: {integrity: sha512-dGEWwPhGWRBNgoI/TzX0whcGsKEbx9VXAcOWJdyHiB7HUefeECWxGHlcWK8NZD6mr0jhln+RjFiv/tB1QKUUDw==}

  '@girs/gdesktopenums-3.0@3.0.0-4.0.0-beta.38':
    resolution: {integrity: sha512-wOwzQ6Q2RQxuWY/oe4yiDqtNV2TrLosteu698asWum4R3BLRIks3oVOghpTMlgKeA54fkvqOQ165E1OOAoW8YQ==}

  '@girs/gdk-4.0@4.0.0-4.0.0-beta.38':
    resolution: {integrity: sha512-hk6SG4pCcezKp2VNxJc0TC1gkZe3C8shD8sRQ3bUGyWl/9581WM2/8UU+W6fOf3SwXA1hquN6d3SjKbqkFNRKg==}

  '@girs/gdkpixbuf-2.0@2.0.0-4.0.0-beta.38':
    resolution: {integrity: sha512-L8NE18rhj100lRGMnf7lNUdr6pHw2co1UtExxDnglba5lNee4NoyF/u8g4Mk3toPU0fAu+ug91HJ4o2mIJd7MQ==}

  '@girs/gdm-1.0@1.0.0-4.0.0-beta.38':
    resolution: {integrity: sha512-THhxqOlt75mv3PmmLMe0Y5wdXIf0XbIIKuBuScSFO+3Vp5sgHJz+UXfktVzwKKCTN4PkAU01zBlMW6gRsyLsQA==}

  '@girs/gio-2.0@2.86.0-4.0.0-beta.38':
    resolution: {integrity: sha512-hKCyDEqSIgqcZeFf63KNrUnrYtAuJ0yfIypbdLgNEMbJBPQ/e3ZiwzWa7i3OPCh52Cnl9qYRdj8MSbZndpyZiQ==}

  '@girs/giounix-2.0@2.0.0-4.0.0-beta.38':
    resolution: {integrity: sha512-dSEbx3f/qFQTJLDFYy8DK5YRMtNc3RnWTuTaaKVN8FMeTiJRLVED+uv5LLR1zvjGac0R1mg0wqpwRTybVhfUXA==}

  '@girs/gjs@4.0.0-beta.38':
    resolution: {integrity: sha512-eI/9lfI1mQpXN8RsKiNRFWJso6LgQe9Eb+YxLAdKarD5fccvIRx3chsyIyhw5tYH7VvgaZkqm1c4GX7pDDokBQ==}

  '@girs/gl-1.0@1.0.0-4.0.0-beta.38':
    resolution: {integrity: sha512-ZcqPtWLEoaQraYgfhpk8tUAOCVp4aSOBdr+7XB/HhmTiG80hLktc11n1ETPFlTfeUhsnvBLhejZBax9diWLVcg==}

  '@girs/glib-2.0@2.86.0-4.0.0-beta.38':
    resolution: {integrity: sha512-TFbrh5+Y3pb61synbhi37VrRzh0e+JQaRCzfGbe7oewUq0v7Sb8eSi2Fmj98r5tCizaRYptqgt6bxG7G5cFzVg==}

  '@girs/gmodule-2.0@2.0.0-4.0.0-beta.38':
    resolution: {integrity: sha512-BmspJtwdBSfCJRZQMxn3gx6H9FNcoqCebFXK2UKknq18DIo8U2q4iN/jQBWPoLh2siK9LhCdL2egoyXteTy1NA==}

  '@girs/gnome-shell@49.1.0':
    resolution: {integrity: sha512-14Re6+DIrozWOErzW9fqvTAn0o9/1rMZuSDQ7BPIC+MYxmNmIlqzjo0kecbkXMN4ZY1zRpgfahbkiFwjJYZmfQ==}

  '@girs/gnomebg-4.0@4.0.0-4.0.0-beta.38':
    resolution: {integrity: sha512-cTJIgX9ybCUIXJ0yDaBRICIAHoApqcjDdtSgbbYJQdRs7HCGPocblA9UP7Bmp155U/p4UIR2WMqpS+ttVbWBew==}

  '@girs/gnomebluetooth-3.0@3.0.0-4.0.0-beta.38':
    resolution: {integrity: sha512-39h4y38Rw2BvMWj190zJhDoT5Ehnh4XsX5vqt1Ix88oFOtZ7hdxVQWJ4Vxg0nYMwKN3SIqGA1KeaGcwfeOYVXQ==}

  '@girs/gnomedesktop-4.0@4.0.0-4.0.0-beta.38':
    resolution: {integrity: sha512-dVeHh4R3HlWQ1Up9N1V09cMiOXst073WQFJ3pJfmJ45RkbJLLlNZrLjO5+e1GUyF9Bq1NzDgTBOUR4xCIIW6dw==}

  '@girs/gobject-2.0@2.86.0-4.0.0-beta.38':
    resolution: {integrity: sha512-oYrm6Gb/tCQosMkN8Beu5jqGRkJ7LED4O1H1dKYOI4SnP1Ojb66A9ECy78yTO8piBtMopsbRODV81yKniVtKKA==}

  '@girs/graphene-1.0@1.0.0-4.0.0-beta.38':
    resolution: {integrity: sha512-zqCyLXFqsOJtCnwUR6lI6HBVdaJ6aKsA25y+6xK2dFO/NChOjH0hmBuVyTQiyLe+4jGW700o+uYIYlrpEXT/7Q==}

  '@girs/gsk-4.0@4.0.0-4.0.0-beta.38':
    resolution: {integrity: sha512-BfYpVfmKjD7Tq58W5p9fcU6Mvg3QcNRjJ1oQn05d/Xk1rjQmsk6tkcTkK3i/KIOhA9eVadQsMlFFWuN0KBE5Dw==}

  '@girs/gtk-4.0@4.20.1-4.0.0-beta.38':
    resolution: {integrity: sha512-lNujJDta1YK3/9Inp5HrtF/JOMN5EmD+3U7diRTyWNzc2KdaN2jO2mk90taaGK28xhoCC+VESkFkQAgFTwZXWw==}

  '@girs/gvc-1.0@1.0.0-4.0.0-beta.38':
    resolution: {integrity: sha512-AUJ+6Aj7y9Q/3RYTCQJBtr1sckUodwJaE3ue1Ap7bCOy/ybiZdCGlucJqSfpT8B3VV5SUztqlxEcOhyGgpvtNQ==}

  '@girs/harfbuzz-0.0@11.5.0-4.0.0-beta.38':
    resolution: {integrity: sha512-XRf/neZYpEkinNZ8SCRKIao3RNVJzMeYcjuO1b1tbqVCrN7uVZ+MIaDW5NjWKi0K6IQSyZWdDgkzrtOrIN4CWQ==}

  '@girs/meta-17@17.0.0-4.0.0-beta.38':
    resolution: {integrity: sha512-mP2q0hcVSuEzdavw6Lp3X5dHnG5F5B37GN0JAKX8v3jnpJ28HlcrsadtW9SmCmX5EHDc5pVyslcnNoF3YD1fJQ==}

  '@girs/mtk-17@17.0.0-4.0.0-beta.38':
    resolution: {integrity: sha512-1uTef46Q2rjjsSaUXJnKdN3vZC8dktn1xX1mpwaTDbSyZ85Og9DGa95N1ZJFSRqmXuR3roYh6m5WxhoF59E9zA==}

  '@girs/nm-1.0@1.49.4-4.0.0-beta.38':
    resolution: {integrity: sha512-m0+qaufIW4LLrz7yx2qLCryF1Oq6MTzvLXb28KGv1iA99WVr+74ytGgUbvxCAh3fbPErSb1UCpemLr/7SmwT4g==}

  '@girs/pango-1.0@1.57.0-4.0.0-beta.38':
    resolution: {integrity: sha512-fnTzVVhKb4XjGrnuqk9X++KDe2bk84Hg5472O2UrtIT1A6dzMS6gWhSvaw0ULZH/Ypj9WN12B0oceWynR6unLw==}

  '@girs/pangocairo-1.0@1.0.0-4.0.0-beta.38':
    resolution: {integrity: sha512-BY4rEgQW0H1c/24v+FGBjSZgZ6rk2Y4+ka9/WldUs74N1ZOh6nS4lHKUyy0antylQ7x0Fnw5UHgN0PbpdjkGuQ==}

  '@girs/polkit-1.0@1.0.0-4.0.0-beta.38':
    resolution: {integrity: sha512-jcz4/vUtchFQyM3OjSzpEAahsZ2/TGttgxcuxDeEGUMXrIjh7YC4w1oq2CLsRbTyVe843ZLNEkmR+dNGsAMfvQ==}

  '@girs/polkitagent-1.0@1.0.0-4.0.0-beta.38':
    resolution: {integrity: sha512-I4v8/4ID0nGm7z6muGr3KxdavMFTEZbCw5vTXfenRx6hptIjed3XspExY4komxO03ImGUQ9e+bsC0g2gSvMesg==}

  '@girs/shell-17@17.0.0-4.0.0-beta.38':
    resolution: {integrity: sha512-9NKUpq55Sp1XTnu8qAOr6mD0fpMS080BZIWaEpD7RplI38GL0UOmusME5DBkrCtPYoL08ZrQDnBy5w8FYhaWIw==}

  '@girs/shew-0@0.0.0-4.0.0-beta.38':
    resolution: {integrity: sha512-tNnIRXseBBrVXk2v5t5MkSM23sAcNvnUMrLLEJYyjn2iTmspImvIT/0s8obPkJk2rK+TwP3nlgPjJILkUDWnaw==}

  '@girs/st-17@17.0.0-4.0.0-beta.38':
    resolution: {integrity: sha512-AGW+9E2SRZl1fD1q7iiDSaeR8AWV8zxYnlMixjoSGDP+MYiG2tb15l5dERZiszDUoIe0s8COvVbzfLp1ocSSlw==}

  '@girs/upowerglib-1.0@0.99.1-4.0.0-beta.38':
    resolution: {integrity: sha512-tZTnoX4S1HbmgwsZfSWrs3uD+KKPdNX+YkEiu9Zz92dt6dPopV0oHa+10auo06hPjZbwaUMgTlGZ9bofeQCw6Q==}

  '@girs/xfixes-4.0@4.0.0-4.0.0-beta.38':
    resolution: {integrity: sha512-wca07voYv60UdTCCr8gPJ9GARR+GZyLu6grZZs/GftZ0w00VP3NQK2kJedi28EGwK3Row2nQtsCtQHZGrXH/VA==}

  '@girs/xlib-2.0@2.0.0-4.0.0-beta.38':
    resolution: {integrity: sha512-PK3s6NowmlY65E/Y9BqwR1lVKsZSWQJm/za1I47SvL1IVWcEHYWRZdDtYZjfmbUlUqqKkfoMt+bUCmhmQk/eYQ==}

  '@nushell/darwin-arm64@0.109.1':
    resolution: {integrity: sha512-OXsArzwt+Nk7fVkJ3DAR9O4/UEAFksrpGWoSQiRdKcxGsgjLFKqcBDOlFoS6QYIh4g+Sp0KDwB3kkpRuf3AAgA==}
    cpu: [arm64]
    os: [darwin]

  '@nushell/darwin-x64@0.109.1':
    resolution: {integrity: sha512-sCdk0rWqWKSUH1m2KPXjS1BaEyXtfpKv6zW9kvJ7fjHfPJMmkq1HwNVmPf6I3k6EvUvWIGbVyTDwifEu1/AmPA==}
    cpu: [x64]
    os: [darwin]

  '@nushell/linux-arm64@0.109.1':
    resolution: {integrity: sha512-bBT5SLK69nuWIidlS6TX0zJsgJPElqpST28uIo0DN90+GgO5qbd/cnLrKl1kxGKCWZrS7CZh+pDXa+Sd7llNUA==}
    cpu: [arm64]
    os: [linux]

  '@nushell/linux-arm@0.109.1':
    resolution: {integrity: sha512-sXvCEL6NeUjTdF6xgno9qLXt5VO/VX9iSZeIooHn6K3fk3EJJpF9wGka5XTyeVjaTHt2L5Q8ivIdgz7fKnzu/A==}
    cpu: [arm]
    os: [linux]

  '@nushell/linux-riscv64@0.109.1':
    resolution: {integrity: sha512-VfmUN5OqD71brlOCEvN+1ICNd0XKa/6/+XfVDEH2fQwbsI9pUs+iFngZmVwZZQTRBefUm0sGX6GG3NjKe0k98g==}
    cpu: [riscv64]
    os: [linux]

  '@nushell/linux-x64@0.109.1':
    resolution: {integrity: sha512-QbEeKZRiF0mwPJdILBd+TCrCJ5bJEuIEujA4Kid2rwcmr5eGp6v/8vxZ6l1D7WizapV4AiLVhLsz0czT/m1evQ==}
    cpu: [x64]
    os: [linux]

  '@nushell/windows-arm64@0.109.1':
    resolution: {integrity: sha512-SNuvdq2t8SKUPcbFpt+GxPslYcasGGETGiUZKWQso1KUeSkonIAXV+bFMqlz0qssdRcc72kbsOTP31Q9ySF3tQ==}
    cpu: [arm64]
    os: [win32]

  '@nushell/windows-x64@0.109.1':
    resolution: {integrity: sha512-4Zqfi7DDe1aLFHvKLqmOqo9qmFQCebwXqPiYoQlfaJgn447vNayqhlCmU1A9HyTl+Ee8DRqEhR09Am2+Bq550A==}
    cpu: [x64]
    os: [win32]

  esbuild@0.27.1:
    resolution: {integrity: sha512-yY35KZckJJuVVPXpvjgxiCuVEJT67F6zDeVTv4rizyPrfGBUpZQsvmxnN+C371c2esD/hNMjj4tpBhuueLN7aA==}
    engines: {node: '>=18'}
    hasBin: true

  gnim-schemas@0.3.0:
    resolution: {integrity: sha512-ctQ8/iTpl8ZkA54BOj0iDbPlAT7GuEVLJz+xDSkY0ZaYyUIdLGBx5KMuut0Yk+WOwrhwEvcHqICgE5dav8gEIA==}
    engines: {gjs: '>=1.79.0'}
    hasBin: true

  gnim@1.9.0:
    resolution: {integrity: sha512-ubtl+BkcHFYImLQN/dg7XtM6VpOMZy1KlXOF+W/QlBVFG+c07lf+hC+bAkPqkyLwL1YUEIoLtk7iXlIuhbOYPA==}
    engines: {gjs: '>=1.79.0'}

  nushell@0.109.1:
    resolution: {integrity: sha512-mWH4CCHDzfnq7li6ATUWoH6smQKKrxEqqr/90nivo+0zpls2MPltcQ1OBpx3R+BAiaRlDxcpQqfZpVOh05tS6A==}
    engines: {node: '>=22.0.0', pnpm: '>=10'}
    hasBin: true

snapshots:

  '@esbuild/aix-ppc64@0.27.1':
    optional: true

  '@esbuild/android-arm64@0.27.1':
    optional: true

  '@esbuild/android-arm@0.27.1':
    optional: true

  '@esbuild/android-x64@0.27.1':
    optional: true

  '@esbuild/darwin-arm64@0.27.1':
    optional: true

  '@esbuild/darwin-x64@0.27.1':
    optional: true

  '@esbuild/freebsd-arm64@0.27.1':
    optional: true

  '@esbuild/freebsd-x64@0.27.1':
    optional: true

  '@esbuild/linux-arm64@0.27.1':
    optional: true

  '@esbuild/linux-arm@0.27.1':
    optional: true

  '@esbuild/linux-ia32@0.27.1':
    optional: true

  '@esbuild/linux-loong64@0.27.1':
    optional: true

  '@esbuild/linux-mips64el@0.27.1':
    optional: true

  '@esbuild/linux-ppc64@0.27.1':
    optional: true

  '@esbuild/linux-riscv64@0.27.1':
    optional: true

  '@esbuild/linux-s390x@0.27.1':
    optional: true

  '@esbuild/linux-x64@0.27.1':
    optional: true

  '@esbuild/netbsd-arm64@0.27.1':
    optional: true

  '@esbuild/netbsd-x64@0.27.1':
    optional: true

  '@esbuild/openbsd-arm64@0.27.1':
    optional: true

  '@esbuild/openbsd-x64@0.27.1':
    optional: true

  '@esbuild/openharmony-arm64@0.27.1':
    optional: true

  '@esbuild/sunos-x64@0.27.1':
    optional: true

  '@esbuild/win32-arm64@0.27.1':
    optional: true

  '@esbuild/win32-ia32@0.27.1':
    optional: true

  '@esbuild/win32-x64@0.27.1':
    optional: true

  '@girs/accountsservice-1.0@1.0.0-4.0.0-beta.38':
    dependencies:
      '@girs/gio-2.0': 2.86.0-4.0.0-beta.38
      '@girs/gjs': 4.0.0-beta.38
      '@girs/glib-2.0': 2.86.0-4.0.0-beta.38
      '@girs/gmodule-2.0': 2.0.0-4.0.0-beta.38
      '@girs/gobject-2.0': 2.86.0-4.0.0-beta.38

  '@girs/adw-1@1.9.0-4.0.0-beta.38':
    dependencies:
      '@girs/cairo-1.0': 1.0.0-4.0.0-beta.38
      '@girs/freetype2-2.0': 2.0.0-4.0.0-beta.38
      '@girs/gdk-4.0': 4.0.0-4.0.0-beta.38
      '@girs/gdkpixbuf-2.0': 2.0.0-4.0.0-beta.38
      '@girs/gio-2.0': 2.86.0-4.0.0-beta.38
      '@girs/gjs': 4.0.0-beta.38
      '@girs/glib-2.0': 2.86.0-4.0.0-beta.38
      '@girs/gmodule-2.0': 2.0.0-4.0.0-beta.38
      '@girs/gobject-2.0': 2.86.0-4.0.0-beta.38
      '@girs/graphene-1.0': 1.0.0-4.0.0-beta.38
      '@girs/gsk-4.0': 4.0.0-4.0.0-beta.38
      '@girs/gtk-4.0': 4.20.1-4.0.0-beta.38
      '@girs/harfbuzz-0.0': 11.5.0-4.0.0-beta.38
      '@girs/pango-1.0': 1.57.0-4.0.0-beta.38
      '@girs/pangocairo-1.0': 1.0.0-4.0.0-beta.38

  '@girs/atk-1.0@2.58.0-4.0.0-beta.38':
    dependencies:
      '@girs/gjs': 4.0.0-beta.38
      '@girs/glib-2.0': 2.86.0-4.0.0-beta.38
      '@girs/gobject-2.0': 2.86.0-4.0.0-beta.38

  '@girs/cairo-1.0@1.0.0-4.0.0-beta.38':
    dependencies:
      '@girs/gjs': 4.0.0-beta.38
      '@girs/glib-2.0': 2.86.0-4.0.0-beta.38
      '@girs/gobject-2.0': 2.86.0-4.0.0-beta.38

  '@girs/clutter-17@17.0.0-4.0.0-beta.38':
    dependencies:
      '@girs/atk-1.0': 2.58.0-4.0.0-beta.38
      '@girs/cairo-1.0': 1.0.0-4.0.0-beta.38
      '@girs/cogl-17': 17.0.0-4.0.0-beta.38
      '@girs/freetype2-2.0': 2.0.0-4.0.0-beta.38
      '@girs/gio-2.0': 2.86.0-4.0.0-beta.38
      '@girs/gjs': 4.0.0-beta.38
      '@girs/gl-1.0': 1.0.0-4.0.0-beta.38
      '@girs/glib-2.0': 2.86.0-4.0.0-beta.38
      '@girs/gmodule-2.0': 2.0.0-4.0.0-beta.38
      '@girs/gobject-2.0': 2.86.0-4.0.0-beta.38
      '@girs/graphene-1.0': 1.0.0-4.0.0-beta.38
      '@girs/harfbuzz-0.0': 11.5.0-4.0.0-beta.38
      '@girs/mtk-17': 17.0.0-4.0.0-beta.38
      '@girs/pango-1.0': 1.57.0-4.0.0-beta.38

  '@girs/cogl-17@17.0.0-4.0.0-beta.38':
    dependencies:
      '@girs/gjs': 4.0.0-beta.38
      '@girs/gl-1.0': 1.0.0-4.0.0-beta.38
      '@girs/glib-2.0': 2.86.0-4.0.0-beta.38
      '@girs/gobject-2.0': 2.86.0-4.0.0-beta.38
      '@girs/graphene-1.0': 1.0.0-4.0.0-beta.38
      '@girs/mtk-17': 17.0.0-4.0.0-beta.38

  '@girs/cogl-2.0@2.0.0-4.0.0-beta.38':
    dependencies:
      '@girs/gjs': 4.0.0-beta.38
      '@girs/gl-1.0': 1.0.0-4.0.0-beta.38
      '@girs/glib-2.0': 2.86.0-4.0.0-beta.38
      '@girs/gobject-2.0': 2.86.0-4.0.0-beta.38

  '@girs/freetype2-2.0@2.0.0-4.0.0-beta.38':
    dependencies:
      '@girs/gjs': 4.0.0-beta.38
      '@girs/gobject-2.0': 2.86.0-4.0.0-beta.38

  '@girs/gck-2@4.4.0-4.0.0-beta.38':
    dependencies:
      '@girs/gio-2.0': 2.86.0-4.0.0-beta.38
      '@girs/gjs': 4.0.0-beta.38
      '@girs/glib-2.0': 2.86.0-4.0.0-beta.38
      '@girs/gmodule-2.0': 2.0.0-4.0.0-beta.38
      '@girs/gobject-2.0': 2.86.0-4.0.0-beta.38

  '@girs/gcr-4@4.4.0-4.0.0-beta.38':
    dependencies:
      '@girs/gck-2': 4.4.0-4.0.0-beta.38
      '@girs/gio-2.0': 2.86.0-4.0.0-beta.38
      '@girs/gjs': 4.0.0-beta.38
      '@girs/glib-2.0': 2.86.0-4.0.0-beta.38
      '@girs/gmodule-2.0': 2.0.0-4.0.0-beta.38
      '@girs/gobject-2.0': 2.86.0-4.0.0-beta.38

  '@girs/gdesktopenums-3.0@3.0.0-4.0.0-beta.38':
    dependencies:
      '@girs/gjs': 4.0.0-beta.38
      '@girs/gobject-2.0': 2.86.0-4.0.0-beta.38

  '@girs/gdk-4.0@4.0.0-4.0.0-beta.38':
    dependencies:
      '@girs/cairo-1.0': 1.0.0-4.0.0-beta.38
      '@girs/freetype2-2.0': 2.0.0-4.0.0-beta.38
      '@girs/gdkpixbuf-2.0': 2.0.0-4.0.0-beta.38
      '@girs/gio-2.0': 2.86.0-4.0.0-beta.38
      '@girs/gjs': 4.0.0-beta.38
      '@girs/glib-2.0': 2.86.0-4.0.0-beta.38
      '@girs/gmodule-2.0': 2.0.0-4.0.0-beta.38
      '@girs/gobject-2.0': 2.86.0-4.0.0-beta.38
      '@girs/harfbuzz-0.0': 11.5.0-4.0.0-beta.38
      '@girs/pango-1.0': 1.57.0-4.0.0-beta.38
      '@girs/pangocairo-1.0': 1.0.0-4.0.0-beta.38

  '@girs/gdkpixbuf-2.0@2.0.0-4.0.0-beta.38':
    dependencies:
      '@girs/gio-2.0': 2.86.0-4.0.0-beta.38
      '@girs/gjs': 4.0.0-beta.38
      '@girs/glib-2.0': 2.86.0-4.0.0-beta.38
      '@girs/gmodule-2.0': 2.0.0-4.0.0-beta.38
      '@girs/gobject-2.0': 2.86.0-4.0.0-beta.38

  '@girs/gdm-1.0@1.0.0-4.0.0-beta.38':
    dependencies:
      '@girs/gio-2.0': 2.86.0-4.0.0-beta.38
      '@girs/gjs': 4.0.0-beta.38
      '@girs/glib-2.0': 2.86.0-4.0.0-beta.38
      '@girs/gmodule-2.0': 2.0.0-4.0.0-beta.38
      '@girs/gobject-2.0': 2.86.0-4.0.0-beta.38

  '@girs/gio-2.0@2.86.0-4.0.0-beta.38':
    dependencies:
      '@girs/gjs': 4.0.0-beta.38
      '@girs/glib-2.0': 2.86.0-4.0.0-beta.38
      '@girs/gmodule-2.0': 2.0.0-4.0.0-beta.38
      '@girs/gobject-2.0': 2.86.0-4.0.0-beta.38

  '@girs/giounix-2.0@2.0.0-4.0.0-beta.38':
    dependencies:
      '@girs/gio-2.0': 2.86.0-4.0.0-beta.38
      '@girs/gjs': 4.0.0-beta.38
      '@girs/glib-2.0': 2.86.0-4.0.0-beta.38
      '@girs/gmodule-2.0': 2.0.0-4.0.0-beta.38
      '@girs/gobject-2.0': 2.86.0-4.0.0-beta.38

  '@girs/gjs@4.0.0-beta.38':
    dependencies:
      '@girs/cairo-1.0': 1.0.0-4.0.0-beta.38
      '@girs/gio-2.0': 2.86.0-4.0.0-beta.38
      '@girs/glib-2.0': 2.86.0-4.0.0-beta.38
      '@girs/gobject-2.0': 2.86.0-4.0.0-beta.38

  '@girs/gl-1.0@1.0.0-4.0.0-beta.38':
    dependencies:
      '@girs/gjs': 4.0.0-beta.38
      '@girs/gobject-2.0': 2.86.0-4.0.0-beta.38

  '@girs/glib-2.0@2.86.0-4.0.0-beta.38':
    dependencies:
      '@girs/gjs': 4.0.0-beta.38
      '@girs/gobject-2.0': 2.86.0-4.0.0-beta.38

  '@girs/gmodule-2.0@2.0.0-4.0.0-beta.38':
    dependencies:
      '@girs/gjs': 4.0.0-beta.38
      '@girs/glib-2.0': 2.86.0-4.0.0-beta.38
      '@girs/gobject-2.0': 2.86.0-4.0.0-beta.38

  '@girs/gnome-shell@49.1.0':
    dependencies:
      '@girs/accountsservice-1.0': 1.0.0-4.0.0-beta.38
      '@girs/adw-1': 1.9.0-4.0.0-beta.38
      '@girs/atk-1.0': 2.58.0-4.0.0-beta.38
      '@girs/clutter-17': 17.0.0-4.0.0-beta.38
      '@girs/cogl-2.0': 2.0.0-4.0.0-beta.38
      '@girs/gcr-4': 4.4.0-4.0.0-beta.38
      '@girs/gdm-1.0': 1.0.0-4.0.0-beta.38
      '@girs/gio-2.0': 2.86.0-4.0.0-beta.38
      '@girs/giounix-2.0': 2.0.0-4.0.0-beta.38
      '@girs/gjs': 4.0.0-beta.38
      '@girs/glib-2.0': 2.86.0-4.0.0-beta.38
      '@girs/gnomebg-4.0': 4.0.0-4.0.0-beta.38
      '@girs/gnomebluetooth-3.0': 3.0.0-4.0.0-beta.38
      '@girs/gnomedesktop-4.0': 4.0.0-4.0.0-beta.38
      '@girs/gobject-2.0': 2.86.0-4.0.0-beta.38
      '@girs/gtk-4.0': 4.20.1-4.0.0-beta.38
      '@girs/gvc-1.0': 1.0.0-4.0.0-beta.38
      '@girs/meta-17': 17.0.0-4.0.0-beta.38
      '@girs/mtk-17': 17.0.0-4.0.0-beta.38
      '@girs/polkit-1.0': 1.0.0-4.0.0-beta.38
      '@girs/shell-17': 17.0.0-4.0.0-beta.38
      '@girs/shew-0': 0.0.0-4.0.0-beta.38
      '@girs/st-17': 17.0.0-4.0.0-beta.38
      '@girs/upowerglib-1.0': 0.99.1-4.0.0-beta.38

  '@girs/gnomebg-4.0@4.0.0-4.0.0-beta.38':
    dependencies:
      '@girs/cairo-1.0': 1.0.0-4.0.0-beta.38
      '@girs/freetype2-2.0': 2.0.0-4.0.0-beta.38
      '@girs/gdesktopenums-3.0': 3.0.0-4.0.0-beta.38
      '@girs/gdk-4.0': 4.0.0-4.0.0-beta.38
      '@girs/gdkpixbuf-2.0': 2.0.0-4.0.0-beta.38
      '@girs/gio-2.0': 2.86.0-4.0.0-beta.38
      '@girs/gjs': 4.0.0-beta.38
      '@girs/glib-2.0': 2.86.0-4.0.0-beta.38
      '@girs/gmodule-2.0': 2.0.0-4.0.0-beta.38
      '@girs/gnomedesktop-4.0': 4.0.0-4.0.0-beta.38
      '@girs/gobject-2.0': 2.86.0-4.0.0-beta.38
      '@girs/harfbuzz-0.0': 11.5.0-4.0.0-beta.38
      '@girs/pango-1.0': 1.57.0-4.0.0-beta.38
      '@girs/pangocairo-1.0': 1.0.0-4.0.0-beta.38

  '@girs/gnomebluetooth-3.0@3.0.0-4.0.0-beta.38':
    dependencies:
      '@girs/gio-2.0': 2.86.0-4.0.0-beta.38
      '@girs/gjs': 4.0.0-beta.38
      '@girs/glib-2.0': 2.86.0-4.0.0-beta.38
      '@girs/gmodule-2.0': 2.0.0-4.0.0-beta.38
      '@girs/gobject-2.0': 2.86.0-4.0.0-beta.38

  '@girs/gnomedesktop-4.0@4.0.0-4.0.0-beta.38':
    dependencies:
      '@girs/gdesktopenums-3.0': 3.0.0-4.0.0-beta.38
      '@girs/gdkpixbuf-2.0': 2.0.0-4.0.0-beta.38
      '@girs/gio-2.0': 2.86.0-4.0.0-beta.38
      '@girs/gjs': 4.0.0-beta.38
      '@girs/glib-2.0': 2.86.0-4.0.0-beta.38
      '@girs/gmodule-2.0': 2.0.0-4.0.0-beta.38
      '@girs/gobject-2.0': 2.86.0-4.0.0-beta.38

  '@girs/gobject-2.0@2.86.0-4.0.0-beta.38':
    dependencies:
      '@girs/gjs': 4.0.0-beta.38
      '@girs/glib-2.0': 2.86.0-4.0.0-beta.38

  '@girs/graphene-1.0@1.0.0-4.0.0-beta.38':
    dependencies:
      '@girs/gjs': 4.0.0-beta.38
      '@girs/glib-2.0': 2.86.0-4.0.0-beta.38
      '@girs/gobject-2.0': 2.86.0-4.0.0-beta.38

  '@girs/gsk-4.0@4.0.0-4.0.0-beta.38':
    dependencies:
      '@girs/cairo-1.0': 1.0.0-4.0.0-beta.38
      '@girs/freetype2-2.0': 2.0.0-4.0.0-beta.38
      '@girs/gdk-4.0': 4.0.0-4.0.0-beta.38
      '@girs/gdkpixbuf-2.0': 2.0.0-4.0.0-beta.38
      '@girs/gio-2.0': 2.86.0-4.0.0-beta.38
      '@girs/gjs': 4.0.0-beta.38
      '@girs/glib-2.0': 2.86.0-4.0.0-beta.38
      '@girs/gmodule-2.0': 2.0.0-4.0.0-beta.38
      '@girs/gobject-2.0': 2.86.0-4.0.0-beta.38
      '@girs/graphene-1.0': 1.0.0-4.0.0-beta.38
      '@girs/harfbuzz-0.0': 11.5.0-4.0.0-beta.38
      '@girs/pango-1.0': 1.57.0-4.0.0-beta.38
      '@girs/pangocairo-1.0': 1.0.0-4.0.0-beta.38

  '@girs/gtk-4.0@4.20.1-4.0.0-beta.38':
    dependencies:
      '@girs/cairo-1.0': 1.0.0-4.0.0-beta.38
      '@girs/freetype2-2.0': 2.0.0-4.0.0-beta.38
      '@girs/gdk-4.0': 4.0.0-4.0.0-beta.38
      '@girs/gdkpixbuf-2.0': 2.0.0-4.0.0-beta.38
      '@girs/gio-2.0': 2.86.0-4.0.0-beta.38
      '@girs/gjs': 4.0.0-beta.38
      '@girs/glib-2.0': 2.86.0-4.0.0-beta.38
      '@girs/gmodule-2.0': 2.0.0-4.0.0-beta.38
      '@girs/gobject-2.0': 2.86.0-4.0.0-beta.38
      '@girs/graphene-1.0': 1.0.0-4.0.0-beta.38
      '@girs/gsk-4.0': 4.0.0-4.0.0-beta.38
      '@girs/harfbuzz-0.0': 11.5.0-4.0.0-beta.38
      '@girs/pango-1.0': 1.57.0-4.0.0-beta.38
      '@girs/pangocairo-1.0': 1.0.0-4.0.0-beta.38

  '@girs/gvc-1.0@1.0.0-4.0.0-beta.38':
    dependencies:
      '@girs/gio-2.0': 2.86.0-4.0.0-beta.38
      '@girs/gjs': 4.0.0-beta.38
      '@girs/glib-2.0': 2.86.0-4.0.0-beta.38
      '@girs/gmodule-2.0': 2.0.0-4.0.0-beta.38
      '@girs/gobject-2.0': 2.86.0-4.0.0-beta.38

  '@girs/harfbuzz-0.0@11.5.0-4.0.0-beta.38':
    dependencies:
      '@girs/freetype2-2.0': 2.0.0-4.0.0-beta.38
      '@girs/gjs': 4.0.0-beta.38
      '@girs/glib-2.0': 2.86.0-4.0.0-beta.38
      '@girs/gobject-2.0': 2.86.0-4.0.0-beta.38

  '@girs/meta-17@17.0.0-4.0.0-beta.38':
    dependencies:
      '@girs/atk-1.0': 2.58.0-4.0.0-beta.38
      '@girs/cairo-1.0': 1.0.0-4.0.0-beta.38
      '@girs/clutter-17': 17.0.0-4.0.0-beta.38
      '@girs/cogl-17': 17.0.0-4.0.0-beta.38
      '@girs/freetype2-2.0': 2.0.0-4.0.0-beta.38
      '@girs/gdesktopenums-3.0': 3.0.0-4.0.0-beta.38
      '@girs/gio-2.0': 2.86.0-4.0.0-beta.38
      '@girs/gjs': 4.0.0-beta.38
      '@girs/gl-1.0': 1.0.0-4.0.0-beta.38
      '@girs/glib-2.0': 2.86.0-4.0.0-beta.38
      '@girs/gmodule-2.0': 2.0.0-4.0.0-beta.38
      '@girs/gobject-2.0': 2.86.0-4.0.0-beta.38
      '@girs/graphene-1.0': 1.0.0-4.0.0-beta.38
      '@girs/harfbuzz-0.0': 11.5.0-4.0.0-beta.38
      '@girs/mtk-17': 17.0.0-4.0.0-beta.38
      '@girs/pango-1.0': 1.57.0-4.0.0-beta.38
      '@girs/xfixes-4.0': 4.0.0-4.0.0-beta.38
      '@girs/xlib-2.0': 2.0.0-4.0.0-beta.38

  '@girs/mtk-17@17.0.0-4.0.0-beta.38':
    dependencies:
      '@girs/gjs': 4.0.0-beta.38
      '@girs/glib-2.0': 2.86.0-4.0.0-beta.38
      '@girs/gobject-2.0': 2.86.0-4.0.0-beta.38
      '@girs/graphene-1.0': 1.0.0-4.0.0-beta.38

  '@girs/nm-1.0@1.49.4-4.0.0-beta.38':
    dependencies:
      '@girs/gio-2.0': 2.86.0-4.0.0-beta.38
      '@girs/gjs': 4.0.0-beta.38
      '@girs/glib-2.0': 2.86.0-4.0.0-beta.38
      '@girs/gmodule-2.0': 2.0.0-4.0.0-beta.38
      '@girs/gobject-2.0': 2.86.0-4.0.0-beta.38

  '@girs/pango-1.0@1.57.0-4.0.0-beta.38':
    dependencies:
      '@girs/cairo-1.0': 1.0.0-4.0.0-beta.38
      '@girs/freetype2-2.0': 2.0.0-4.0.0-beta.38
      '@girs/gio-2.0': 2.86.0-4.0.0-beta.38
      '@girs/gjs': 4.0.0-beta.38
      '@girs/glib-2.0': 2.86.0-4.0.0-beta.38
      '@girs/gmodule-2.0': 2.0.0-4.0.0-beta.38
      '@girs/gobject-2.0': 2.86.0-4.0.0-beta.38
      '@girs/harfbuzz-0.0': 11.5.0-4.0.0-beta.38

  '@girs/pangocairo-1.0@1.0.0-4.0.0-beta.38':
    dependencies:
      '@girs/cairo-1.0': 1.0.0-4.0.0-beta.38
      '@girs/freetype2-2.0': 2.0.0-4.0.0-beta.38
      '@girs/gio-2.0': 2.86.0-4.0.0-beta.38
      '@girs/gjs': 4.0.0-beta.38
      '@girs/glib-2.0': 2.86.0-4.0.0-beta.38
      '@girs/gmodule-2.0': 2.0.0-4.0.0-beta.38
      '@girs/gobject-2.0': 2.86.0-4.0.0-beta.38
      '@girs/harfbuzz-0.0': 11.5.0-4.0.0-beta.38
      '@girs/pango-1.0': 1.57.0-4.0.0-beta.38

  '@girs/polkit-1.0@1.0.0-4.0.0-beta.38':
    dependencies:
      '@girs/gio-2.0': 2.86.0-4.0.0-beta.38
      '@girs/gjs': 4.0.0-beta.38
      '@girs/glib-2.0': 2.86.0-4.0.0-beta.38
      '@girs/gmodule-2.0': 2.0.0-4.0.0-beta.38
      '@girs/gobject-2.0': 2.86.0-4.0.0-beta.38

  '@girs/polkitagent-1.0@1.0.0-4.0.0-beta.38':
    dependencies:
      '@girs/gio-2.0': 2.86.0-4.0.0-beta.38
      '@girs/gjs': 4.0.0-beta.38
      '@girs/glib-2.0': 2.86.0-4.0.0-beta.38
      '@girs/gmodule-2.0': 2.0.0-4.0.0-beta.38
      '@girs/gobject-2.0': 2.86.0-4.0.0-beta.38
      '@girs/polkit-1.0': 1.0.0-4.0.0-beta.38

  '@girs/shell-17@17.0.0-4.0.0-beta.38':
    dependencies:
      '@girs/atk-1.0': 2.58.0-4.0.0-beta.38
      '@girs/cairo-1.0': 1.0.0-4.0.0-beta.38
      '@girs/clutter-17': 17.0.0-4.0.0-beta.38
      '@girs/cogl-17': 17.0.0-4.0.0-beta.38
      '@girs/freetype2-2.0': 2.0.0-4.0.0-beta.38
      '@girs/gck-2': 4.4.0-4.0.0-beta.38
      '@girs/gcr-4': 4.4.0-4.0.0-beta.38
      '@girs/gdesktopenums-3.0': 3.0.0-4.0.0-beta.38
      '@girs/gdkpixbuf-2.0': 2.0.0-4.0.0-beta.38
      '@girs/gio-2.0': 2.86.0-4.0.0-beta.38
      '@girs/giounix-2.0': 2.0.0-4.0.0-beta.38
      '@girs/gjs': 4.0.0-beta.38
      '@girs/gl-1.0': 1.0.0-4.0.0-beta.38
      '@girs/glib-2.0': 2.86.0-4.0.0-beta.38
      '@girs/gmodule-2.0': 2.0.0-4.0.0-beta.38
      '@girs/gobject-2.0': 2.86.0-4.0.0-beta.38
      '@girs/graphene-1.0': 1.0.0-4.0.0-beta.38
      '@girs/gvc-1.0': 1.0.0-4.0.0-beta.38
      '@girs/harfbuzz-0.0': 11.5.0-4.0.0-beta.38
      '@girs/meta-17': 17.0.0-4.0.0-beta.38
      '@girs/mtk-17': 17.0.0-4.0.0-beta.38
      '@girs/nm-1.0': 1.49.4-4.0.0-beta.38
      '@girs/pango-1.0': 1.57.0-4.0.0-beta.38
      '@girs/polkit-1.0': 1.0.0-4.0.0-beta.38
      '@girs/polkitagent-1.0': 1.0.0-4.0.0-beta.38
      '@girs/st-17': 17.0.0-4.0.0-beta.38
      '@girs/xfixes-4.0': 4.0.0-4.0.0-beta.38
      '@girs/xlib-2.0': 2.0.0-4.0.0-beta.38

  '@girs/shew-0@0.0.0-4.0.0-beta.38':
    dependencies:
      '@girs/cairo-1.0': 1.0.0-4.0.0-beta.38
      '@girs/freetype2-2.0': 2.0.0-4.0.0-beta.38
      '@girs/gdk-4.0': 4.0.0-4.0.0-beta.38
      '@girs/gdkpixbuf-2.0': 2.0.0-4.0.0-beta.38
      '@girs/gio-2.0': 2.86.0-4.0.0-beta.38
      '@girs/gjs': 4.0.0-beta.38
      '@girs/glib-2.0': 2.86.0-4.0.0-beta.38
      '@girs/gmodule-2.0': 2.0.0-4.0.0-beta.38
      '@girs/gobject-2.0': 2.86.0-4.0.0-beta.38
      '@girs/graphene-1.0': 1.0.0-4.0.0-beta.38
      '@girs/gsk-4.0': 4.0.0-4.0.0-beta.38
      '@girs/gtk-4.0': 4.20.1-4.0.0-beta.38
      '@girs/harfbuzz-0.0': 11.5.0-4.0.0-beta.38
      '@girs/pango-1.0': 1.57.0-4.0.0-beta.38
      '@girs/pangocairo-1.0': 1.0.0-4.0.0-beta.38

  '@girs/st-17@17.0.0-4.0.0-beta.38':
    dependencies:
      '@girs/atk-1.0': 2.58.0-4.0.0-beta.38
      '@girs/cairo-1.0': 1.0.0-4.0.0-beta.38
      '@girs/clutter-17': 17.0.0-4.0.0-beta.38
      '@girs/cogl-17': 17.0.0-4.0.0-beta.38
      '@girs/freetype2-2.0': 2.0.0-4.0.0-beta.38
      '@girs/gdesktopenums-3.0': 3.0.0-4.0.0-beta.38
      '@girs/gdkpixbuf-2.0': 2.0.0-4.0.0-beta.38
      '@girs/gio-2.0': 2.86.0-4.0.0-beta.38
      '@girs/gjs': 4.0.0-beta.38
      '@girs/gl-1.0': 1.0.0-4.0.0-beta.38
      '@girs/glib-2.0': 2.86.0-4.0.0-beta.38
      '@girs/gmodule-2.0': 2.0.0-4.0.0-beta.38
      '@girs/gobject-2.0': 2.86.0-4.0.0-beta.38
      '@girs/graphene-1.0': 1.0.0-4.0.0-beta.38
      '@girs/harfbuzz-0.0': 11.5.0-4.0.0-beta.38
      '@girs/meta-17': 17.0.0-4.0.0-beta.38
      '@girs/mtk-17': 17.0.0-4.0.0-beta.38
      '@girs/pango-1.0': 1.57.0-4.0.0-beta.38
      '@girs/xfixes-4.0': 4.0.0-4.0.0-beta.38
      '@girs/xlib-2.0': 2.0.0-4.0.0-beta.38

  '@girs/upowerglib-1.0@0.99.1-4.0.0-beta.38':
    dependencies:
      '@girs/gio-2.0': 2.86.0-4.0.0-beta.38
      '@girs/gjs': 4.0.0-beta.38
      '@girs/glib-2.0': 2.86.0-4.0.0-beta.38
      '@girs/gmodule-2.0': 2.0.0-4.0.0-beta.38
      '@girs/gobject-2.0': 2.86.0-4.0.0-beta.38

  '@girs/xfixes-4.0@4.0.0-4.0.0-beta.38':
    dependencies:
      '@girs/gjs': 4.0.0-beta.38
      '@girs/gobject-2.0': 2.86.0-4.0.0-beta.38

  '@girs/xlib-2.0@2.0.0-4.0.0-beta.38':
    dependencies:
      '@girs/gjs': 4.0.0-beta.38
      '@girs/gobject-2.0': 2.86.0-4.0.0-beta.38

  '@nushell/darwin-arm64@0.109.1':
    optional: true

  '@nushell/darwin-x64@0.109.1':
    optional: true

  '@nushell/linux-arm64@0.109.1':
    optional: true

  '@nushell/linux-arm@0.109.1':
    optional: true

  '@nushell/linux-riscv64@0.109.1':
    optional: true

  '@nushell/linux-x64@0.109.1':
    optional: true

  '@nushell/windows-arm64@0.109.1':
    optional: true

  '@nushell/windows-x64@0.109.1':
    optional: true

  esbuild@0.27.1:
    optionalDependencies:
      '@esbuild/aix-ppc64': 0.27.1
      '@esbuild/android-arm': 0.27.1
      '@esbuild/android-arm64': 0.27.1
      '@esbuild/android-x64': 0.27.1
      '@esbuild/darwin-arm64': 0.27.1
      '@esbuild/darwin-x64': 0.27.1
      '@esbuild/freebsd-arm64': 0.27.1
      '@esbuild/freebsd-x64': 0.27.1
      '@esbuild/linux-arm': 0.27.1
      '@esbuild/linux-arm64': 0.27.1
      '@esbuild/linux-ia32': 0.27.1
      '@esbuild/linux-loong64': 0.27.1
      '@esbuild/linux-mips64el': 0.27.1
      '@esbuild/linux-ppc64': 0.27.1
      '@esbuild/linux-riscv64': 0.27.1
      '@esbuild/linux-s390x': 0.27.1
      '@esbuild/linux-x64': 0.27.1
      '@esbuild/netbsd-arm64': 0.27.1
      '@esbuild/netbsd-x64': 0.27.1
      '@esbuild/openbsd-arm64': 0.27.1
      '@esbuild/openbsd-x64': 0.27.1
      '@esbuild/openharmony-arm64': 0.27.1
      '@esbuild/sunos-x64': 0.27.1
      '@esbuild/win32-arm64': 0.27.1
      '@esbuild/win32-ia32': 0.27.1
      '@esbuild/win32-x64': 0.27.1

  gnim-schemas@0.3.0:
    dependencies:
      gnim: 1.9.0

  gnim@1.9.0: {}

  nushell@0.109.1:
    optionalDependencies:
      '@nushell/darwin-arm64': 0.109.1
      '@nushell/darwin-x64': 0.109.1
      '@nushell/linux-arm': 0.109.1
      '@nushell/linux-arm64': 0.109.1
      '@nushell/linux-riscv64': 0.109.1
      '@nushell/linux-x64': 0.109.1
      '@nushell/windows-arm64': 0.109.1
      '@nushell/windows-x64': 0.109.1
